{
  "name": "@npmmegan802hb/voluptatibus-soluta-necessitatibus",
  "version": "1.0.0",
  "lockfileVersion": 3,
  "requires": true,
  "packages": {
    "": {
      "name": "@npmmegan802hb/voluptatibus-soluta-necessitatibus",
      "version": "1.0.0",
      "license": "MIT",
      "dependencies": {
        "@npmmegan802hb/animi-magni-suscipit": "^1.0.0",
        "@npmmegan802hb/aspernatur-laudantium-animi": "^1.0.0",
        "@npmmegan802hb/corporis-explicabo-cupiditate": "^1.0.0",
        "@npmmegan802hb/deleniti-suscipit-animi": "^1.0.0",
        "@npmmegan802hb/distinctio-unde-minus": "^1.0.0",
        "@npmmegan802hb/doloremque-tempora-quibusdam": "^1.0.0",
        "@npmmegan802hb/est-assumenda-optio": "^1.0.0",
        "@npmmegan802hb/et-consectetur-possimus": "^1.0.0",
        "@npmmegan802hb/iste-vero-est": "^1.0.0",
        "@npmmegan802hb/laborum-similique-accusamus": "^1.0.0",
        "@npmmegan802hb/libero-fugiat-esse": "^1.0.0",
        "@npmmegan802hb/pariatur-deserunt-voluptates": "^1.0.0",
        "@npmmegan802hb/praesentium-et-neque": "^1.0.0",
        "@npmmegan802hb/rem-cumque-quaerat": "^1.0.0",
        "@npmmegan802hb/rerum-voluptas-labore": "^1.0.0",
        "@npmmegan802hb/sunt-quibusdam-nesciunt": "^1.0.0",
        "@npmmegan802hb/velit-necessitatibus-illo": "^1.0.0"
      }
    },
    "node_modules/@npmmegan802hb/animi-magni-suscipit": {
      "version": "1.0.0",
      "resolved": "https://registry.npmjs.org/@npmmegan802hb/animi-magni-suscipit/-/animi-magni-suscipit-1.0.0.tgz",
      "integrity": "sha512-zilHvb+5eAZ+f06VAs2rtytKBQ3DZB5ULjDKD9ALRJuFcbk0teskKLavxmCqVcPtijyd+ewQBUfm2ONOAx4xSw==",
      "dependencies": {
        "@npmmegan802hb/aspernatur-laudantium-animi": "^1.0.0",
        "@npmmegan802hb/corporis-explicabo-cupiditate": "^1.0.0",
        "@npmmegan802hb/est-assumenda-optio": "^1.0.0",
        "@npmmegan802hb/praesentium-et-neque": "^1.0.0",
        "@npmmegan802hb/velit-necessitatibus-illo": "^1.0.0"
      }
    },
    "node_modules/@npmmegan802hb/aspernatur-laudantium-animi": {
      "version": "1.0.0",
      "resolved": "https://registry.npmjs.org/@npmmegan802hb/aspernatur-laudantium-animi/-/aspernatur-laudantium-animi-1.0.0.tgz",
      "integrity": "sha512-zUycqshpyc4Ls1UsgZXt3/UCCMs4L/4JkoYWLOGbRc+asRSFr/nzGXeMUMN0aDkw/22S7Q+pfataga6TYAXSZA==",
      "dependencies": {
        "@npmmegan802hb/corporis-explicabo-cupiditate": "^1.0.0",
        "@npmmegan802hb/velit-necessitatibus-illo": "^1.0.0"
      }
    },
    "node_modules/@npmmegan802hb/corporis-explicabo-cupiditate": {
      "version": "1.0.0",
      "resolved": "https://registry.npmjs.org/@npmmegan802hb/corporis-explicabo-cupiditate/-/corporis-explicabo-cupiditate-1.0.0.tgz",
      "integrity": "sha512-yZQRDyuYVSrVoRwV+vqkoYwv+UVQu9aeh/wKvoNFmBZOx2cAPI4NVQ/CyRieCLTFqQsxpQWVm/QhQFHz1ch6lQ==",
      "dependencies": {
        "@npmmegan802hb/velit-necessitatibus-illo": "^1.0.0"
      }
    },
    "node_modules/@npmmegan802hb/deleniti-suscipit-animi": {
      "version": "1.0.0",
      "resolved": "https://registry.npmjs.org/@npmmegan802hb/deleniti-suscipit-animi/-/deleniti-suscipit-animi-1.0.0.tgz",
      "integrity": "sha512-xNzo2MhV6baf7g8vlZOIuDjOzh97z23IZg/40T6h/u9uLChyXWzxDgvESZZfY12i8CkvK+ObWMcFbagqt8ITMQ==",
      "dependencies": {
        "@npmmegan802hb/animi-magni-suscipit": "^1.0.0",
        "@npmmegan802hb/aspernatur-laudantium-animi": "^1.0.0",
        "@npmmegan802hb/corporis-explicabo-cupiditate": "^1.0.0",
        "@npmmegan802hb/doloremque-tempora-quibusdam": "^1.0.0",
        "@npmmegan802hb/est-assumenda-optio": "^1.0.0",
        "@npmmegan802hb/et-consectetur-possimus": "^1.0.0",
        "@npmmegan802hb/iste-vero-est": "^1.0.0",
        "@npmmegan802hb/praesentium-et-neque": "^1.0.0",
        "@npmmegan802hb/rem-cumque-quaerat": "^1.0.0",
        "@npmmegan802hb/sunt-quibusdam-nesciunt": "^1.0.0",
        "@npmmegan802hb/velit-necessitatibus-illo": "^1.0.0"
      }
    },
    "node_modules/@npmmegan802hb/distinctio-unde-minus": {
      "version": "1.0.0",
      "resolved": "https://registry.npmjs.org/@npmmegan802hb/distinctio-unde-minus/-/distinctio-unde-minus-1.0.0.tgz",
      "integrity": "sha512-cdUijo4AMZNFpJze2moXayvPw5qgDZh2O8C9KLe+vSjhvMlXAP1N7hK4nCKMzbPIpO06NB8LKeYAAUilRdheNQ==",
      "dependencies": {
        "@npmmegan802hb/animi-magni-suscipit": "^1.0.0",
        "@npmmegan802hb/aspernatur-laudantium-animi": "^1.0.0",
        "@npmmegan802hb/corporis-explicabo-cupiditate": "^1.0.0",
        "@npmmegan802hb/deleniti-suscipit-animi": "^1.0.0",
        "@npmmegan802hb/doloremque-tempora-quibusdam": "^1.0.0",
        "@npmmegan802hb/est-assumenda-optio": "^1.0.0",
        "@npmmegan802hb/et-consectetur-possimus": "^1.0.0",
        "@npmmegan802hb/iste-vero-est": "^1.0.0",
        "@npmmegan802hb/laborum-similique-accusamus": "^1.0.0",
        "@npmmegan802hb/libero-fugiat-esse": "^1.0.0",
        "@npmmegan802hb/pariatur-deserunt-voluptates": "^1.0.0",
        "@npmmegan802hb/praesentium-et-neque": "^1.0.0",
        "@npmmegan802hb/rem-cumque-quaerat": "^1.0.0",
        "@npmmegan802hb/rerum-voluptas-labore": "^1.0.0",
        "@npmmegan802hb/sunt-quibusdam-nesciunt": "^1.0.0",
        "@npmmegan802hb/velit-necessitatibus-illo": "^1.0.0"
      }
    },
    "node_modules/@npmmegan802hb/doloremque-tempora-quibusdam": {
      "version": "1.0.0",
      "resolved": "https://registry.npmjs.org/@npmmegan802hb/doloremque-tempora-quibusdam/-/doloremque-tempora-quibusdam-1.0.0.tgz",
      "integrity": "sha512-AGsZHhkmjyFAnNql4HSUTNeYCe5UA8Trm3Vj8gaLUApduluVC1tw1S2OHClbiVBSDMA0g1BoHYx71l8DbAH4xg==",
      "dependencies": {
        "@npmmegan802hb/animi-magni-suscipit": "^1.0.0",
        "@npmmegan802hb/aspernatur-laudantium-animi": "^1.0.0",
        "@npmmegan802hb/corporis-explicabo-cupiditate": "^1.0.0",
        "@npmmegan802hb/est-assumenda-optio": "^1.0.0",
        "@npmmegan802hb/et-consectetur-possimus": "^1.0.0",
        "@npmmegan802hb/iste-vero-est": "^1.0.0",
        "@npmmegan802hb/praesentium-et-neque": "^1.0.0",
        "@npmmegan802hb/rem-cumque-quaerat": "^1.0.0",
        "@npmmegan802hb/velit-necessitatibus-illo": "^1.0.0"
      }
    },
    "node_modules/@npmmegan802hb/est-assumenda-optio": {
      "version": "1.0.0",
      "resolved": "https://registry.npmjs.org/@npmmegan802hb/est-assumenda-optio/-/est-assumenda-optio-1.0.0.tgz",
      "integrity": "sha512-gOkBTi8RgBmGiWFWlS+BuQ1K0tj+2a1IzZXmYc+nt2FCaloFkjWH2Tq9Gs3RJ1+X0LgJWEGASeCGSiflVf3Bgg==",
      "dependencies": {
        "@npmmegan802hb/aspernatur-laudantium-animi": "^1.0.0",
        "@npmmegan802hb/corporis-explicabo-cupiditate": "^1.0.0",
        "@npmmegan802hb/praesentium-et-neque": "^1.0.0",
        "@npmmegan802hb/velit-necessitatibus-illo": "^1.0.0"
      }
    },
    "node_modules/@npmmegan802hb/et-consectetur-possimus": {
      "version": "1.0.0",
      "resolved": "https://registry.npmjs.org/@npmmegan802hb/et-consectetur-possimus/-/et-consectetur-possimus-1.0.0.tgz",
      "integrity": "sha512-tEKIXLFCtC1Uo7TNFpqBTC7v/CyG1TLNVAQE3ZLDe+1djnSF2Ekx60zkGCElsZHkb//S7i5VOX1Uh24eATQj8w==",
      "dependencies": {
        "@npmmegan802hb/animi-magni-suscipit": "^1.0.0",
        "@npmmegan802hb/aspernatur-laudantium-animi": "^1.0.0",
        "@npmmegan802hb/corporis-explicabo-cupiditate": "^1.0.0",
        "@npmmegan802hb/est-assumenda-optio": "^1.0.0",
        "@npmmegan802hb/iste-vero-est": "^1.0.0",
        "@npmmegan802hb/praesentium-et-neque": "^1.0.0",
        "@npmmegan802hb/rem-cumque-quaerat": "^1.0.0",
        "@npmmegan802hb/velit-necessitatibus-illo": "^1.0.0"
      }
    },
    "node_modules/@npmmegan802hb/iste-vero-est": {
      "version": "1.0.0",
      "resolved": "https://registry.npmjs.org/@npmmegan802hb/iste-vero-est/-/iste-vero-est-1.0.0.tgz",
      "integrity": "sha512-YFgMo6Dm+vGhoRchrj+W0RH3h3mdTgMvc0EY6xzfIc4vbdzcB+UqoLiUbDoClktoODtbJkwRySkE9JTg7yaxng==",
      "dependencies": {
        "@npmmegan802hb/animi-magni-suscipit": "^1.0.0",
        "@npmmegan802hb/aspernatur-laudantium-animi": "^1.0.0",
        "@npmmegan802hb/corporis-explicabo-cupiditate": "^1.0.0",
        "@npmmegan802hb/est-assumenda-optio": "^1.0.0",
        "@npmmegan802hb/praesentium-et-neque": "^1.0.0",
        "@npmmegan802hb/velit-necessitatibus-illo": "^1.0.0"
      }
    },
    "node_modules/@npmmegan802hb/laborum-similique-accusamus": {
      "version": "1.0.0",
      "resolved": "https://registry.npmjs.org/@npmmegan802hb/laborum-similique-accusamus/-/laborum-similique-accusamus-1.0.0.tgz",
      "integrity": "sha512-Q+9Jrh1nGO8Iu97CDQe2EX1vGogHtIVxQ3JzTAHJyZaTk8xEs/WuBMIWzql5IzGdYKtcIU3E8ooN+aphh9xtHw==",
      "dependencies": {
        "@npmmegan802hb/animi-magni-suscipit": "^1.0.0",
        "@npmmegan802hb/aspernatur-laudantium-animi": "^1.0.0",
        "@npmmegan802hb/corporis-explicabo-cupiditate": "^1.0.0",
        "@npmmegan802hb/deleniti-suscipit-animi": "^1.0.0",
        "@npmmegan802hb/doloremque-tempora-quibusdam": "^1.0.0",
        "@npmmegan802hb/est-assumenda-optio": "^1.0.0",
        "@npmmegan802hb/et-consectetur-possimus": "^1.0.0",
        "@npmmegan802hb/iste-vero-est": "^1.0.0",
        "@npmmegan802hb/libero-fugiat-esse": "^1.0.0",
        "@npmmegan802hb/praesentium-et-neque": "^1.0.0",
        "@npmmegan802hb/rem-cumque-quaerat": "^1.0.0",
        "@npmmegan802hb/sunt-quibusdam-nesciunt": "^1.0.0",
        "@npmmegan802hb/velit-necessitatibus-illo": "^1.0.0"
      }
    },
    "node_modules/@npmmegan802hb/libero-fugiat-esse": {
      "version": "1.0.0",
      "resolved": "https://registry.npmjs.org/@npmmegan802hb/libero-fugiat-esse/-/libero-fugiat-esse-1.0.0.tgz",
      "integrity": "sha512-hyN3R70qqI1TeNbTmVZePM5u96BIGy2Geu62n9hQH9tY/jsK6ooALdAXyy3Hl+Eer/hCrnXCoNYXZwQODQ7iLA==",
      "dependencies": {
        "@npmmegan802hb/animi-magni-suscipit": "^1.0.0",
        "@npmmegan802hb/aspernatur-laudantium-animi": "^1.0.0",
        "@npmmegan802hb/corporis-explicabo-cupiditate": "^1.0.0",
        "@npmmegan802hb/deleniti-suscipit-animi": "^1.0.0",
        "@npmmegan802hb/doloremque-tempora-quibusdam": "^1.0.0",
        "@npmmegan802hb/est-assumenda-optio": "^1.0.0",
        "@npmmegan802hb/et-consectetur-possimus": "^1.0.0",
        "@npmmegan802hb/iste-vero-est": "^1.0.0",
        "@npmmegan802hb/praesentium-et-neque": "^1.0.0",
        "@npmmegan802hb/rem-cumque-quaerat": "^1.0.0",
        "@npmmegan802hb/sunt-quibusdam-nesciunt": "^1.0.0",
        "@npmmegan802hb/velit-necessitatibus-illo": "^1.0.0"
      }
    },
    "node_modules/@npmmegan802hb/pariatur-deserunt-voluptates": {
      "version": "1.0.0",
      "resolved": "https://registry.npmjs.org/@npmmegan802hb/pariatur-deserunt-voluptates/-/pariatur-deserunt-voluptates-1.0.0.tgz",
      "integrity": "sha512-4qe5IpqEvyQO3yYloU+JqzRsfBHzGfvgSH9Pe8ZTzkmpAc8VvnDlqpYODq+LXbdg+/lY6I0BX4mHyWAFpUioKQ==",
      "dependencies": {
        "@npmmegan802hb/animi-magni-suscipit": "^1.0.0",
        "@npmmegan802hb/aspernatur-laudantium-animi": "^1.0.0",
        "@npmmegan802hb/corporis-explicabo-cupiditate": "^1.0.0",
        "@npmmegan802hb/deleniti-suscipit-animi": "^1.0.0",
        "@npmmegan802hb/doloremque-tempora-quibusdam": "^1.0.0",
        "@npmmegan802hb/est-assumenda-optio": "^1.0.0",
        "@npmmegan802hb/et-consectetur-possimus": "^1.0.0",
        "@npmmegan802hb/iste-vero-est": "^1.0.0",
        "@npmmegan802hb/laborum-similique-accusamus": "^1.0.0",
        "@npmmegan802hb/libero-fugiat-esse": "^1.0.0",
        "@npmmegan802hb/praesentium-et-neque": "^1.0.0",
        "@npmmegan802hb/rem-cumque-quaerat": "^1.0.0",
        "@npmmegan802hb/rerum-voluptas-labore": "^1.0.0",
        "@npmmegan802hb/sunt-quibusdam-nesciunt": "^1.0.0",
        "@npmmegan802hb/velit-necessitatibus-illo": "^1.0.0"
      }
    },
    "node_modules/@npmmegan802hb/praesentium-et-neque": {
      "version": "1.0.0",
      "resolved": "https://registry.npmjs.org/@npmmegan802hb/praesentium-et-neque/-/praesentium-et-neque-1.0.0.tgz",
      "integrity": "sha512-zpI2W8pY3LnSYvF/5xRThCZ5wVS7vKoJ3pSmCFe01OZRnMdjbrwkuljjIvOzMSUTIgyxyXF/XwXV6xSvGJXI4Q==",
      "dependencies": {
        "@npmmegan802hb/aspernatur-laudantium-animi": "^1.0.0",
        "@npmmegan802hb/corporis-explicabo-cupiditate": "^1.0.0",
        "@npmmegan802hb/velit-necessitatibus-illo": "^1.0.0"
      }
    },
    "node_modules/@npmmegan802hb/rem-cumque-quaerat": {
      "version": "1.0.0",
      "resolved": "https://registry.npmjs.org/@npmmegan802hb/rem-cumque-quaerat/-/rem-cumque-quaerat-1.0.0.tgz",
      "integrity": "sha512-zaTkWS08SziJxntFh7gSPfc/0X2MR8cmZLIQfP7RFozUmqYSY79HOIPXqJ7muVkChUnPyet467Lg72WeH94zsw==",
      "dependencies": {
        "@npmmegan802hb/animi-magni-suscipit": "^1.0.0",
        "@npmmegan802hb/aspernatur-laudantium-animi": "^1.0.0",
        "@npmmegan802hb/corporis-explicabo-cupiditate": "^1.0.0",
        "@npmmegan802hb/est-assumenda-optio": "^1.0.0",
        "@npmmegan802hb/iste-vero-est": "^1.0.0",
        "@npmmegan802hb/praesentium-et-neque": "^1.0.0",
        "@npmmegan802hb/velit-necessitatibus-illo": "^1.0.0"
      }
    },
    "node_modules/@npmmegan802hb/rerum-voluptas-labore": {
      "version": "1.0.0",
      "resolved": "https://registry.npmjs.org/@npmmegan802hb/rerum-voluptas-labore/-/rerum-voluptas-labore-1.0.0.tgz",
      "integrity": "sha512-cBXu9g8dpSQxhcV6VsPbI2g40wtHUEcp3sNjd/7e06AaXN45IfLCUUofpLzAX2efC344Yg78bubkQhtQMgep5A==",
      "dependencies": {
        "@npmmegan802hb/animi-magni-suscipit": "^1.0.0",
        "@npmmegan802hb/aspernatur-laudantium-animi": "^1.0.0",
        "@npmmegan802hb/corporis-explicabo-cupiditate": "^1.0.0",
        "@npmmegan802hb/deleniti-suscipit-animi": "^1.0.0",
        "@npmmegan802hb/doloremque-tempora-quibusdam": "^1.0.0",
        "@npmmegan802hb/est-assumenda-optio": "^1.0.0",
        "@npmmegan802hb/et-consectetur-possimus": "^1.0.0",
        "@npmmegan802hb/iste-vero-est": "^1.0.0",
        "@npmmegan802hb/laborum-similique-accusamus": "^1.0.0",
        "@npmmegan802hb/libero-fugiat-esse": "^1.0.0",
        "@npmmegan802hb/praesentium-et-neque": "^1.0.0",
        "@npmmegan802hb/rem-cumque-quaerat": "^1.0.0",
        "@npmmegan802hb/sunt-quibusdam-nesciunt": "^1.0.0",
        "@npmmegan802hb/velit-necessitatibus-illo": "^1.0.0"
      }
    },
    "node_modules/@npmmegan802hb/sunt-quibusdam-nesciunt": {
      "version": "1.0.0",
      "resolved": "https://registry.npmjs.org/@npmmegan802hb/sunt-quibusdam-nesciunt/-/sunt-quibusdam-nesciunt-1.0.0.tgz",
      "integrity": "sha512-uIZYsTAW2Ft470zx0OaiLymEgyIGV4BAUga66MLBxa1KUYqU1l0HDK2HKntBKTYOS9FiXbx21CmH0LAMz1x27w==",
      "dependencies": {
        "@npmmegan802hb/animi-magni-suscipit": "^1.0.0",
        "@npmmegan802hb/aspernatur-laudantium-animi": "^1.0.0",
        "@npmmegan802hb/corporis-explicabo-cupiditate": "^1.0.0",
        "@npmmegan802hb/doloremque-tempora-quibusdam": "^1.0.0",
        "@npmmegan802hb/est-assumenda-optio": "^1.0.0",
        "@npmmegan802hb/et-consectetur-possimus": "^1.0.0",
        "@npmmegan802hb/iste-vero-est": "^1.0.0",
        "@npmmegan802hb/praesentium-et-neque": "^1.0.0",
        "@npmmegan802hb/rem-cumque-quaerat": "^1.0.0",
        "@npmmegan802hb/velit-necessitatibus-illo": "^1.0.0"
      }
    },
    "node_modules/@npmmegan802hb/velit-necessitatibus-illo": {
      "version": "1.0.0",
      "resolved": "https://registry.npmjs.org/@npmmegan802hb/velit-necessitatibus-illo/-/velit-necessitatibus-illo-1.0.0.tgz",
      "integrity": "sha512-o6EbNVdzWuCr6WGTg3B79k/mLFsdOKNNu48PWxZimCO+EgTDTL5U2kjlTotDy414xR6Kmojg+hNR9UGMewuRlg=="
    }
  }
}
